<?xml version="1.0" encoding="utf-8"?>
<Project ToolsVersion="4.0" xmlns="http://schemas.microsoft.com/developer/msbuild/2003">
  <ItemGroup>
    <Filter Include="BaekJoon">
      <UniqueIdentifier>{8f681a8a-f1eb-40a4-8be5-f4a9bc52f5ea}</UniqueIdentifier>
    </Filter>
    <Filter Include="BaekJoon\BruteForce">
      <UniqueIdentifier>{430b6c7b-87c7-4780-a942-e6bbee0cafe0}</UniqueIdentifier>
    </Filter>
  </ItemGroup>
  <ItemGroup>
    <ClCompile Include="BaekJoon\BruteForce\970213.cpp">
      <Filter>BaekJoon\BruteForce</Filter>
    </ClCompile>
  </ItemGroup>
</Project>